{
  "name": "meeting-sidecar",
  "version": "1.0.0",
  "lockfileVersion": 3,
  "requires": true,
  "packages": {
    "": {
      "name": "meeting-sidecar",
      "version": "1.0.0",
      "dependencies": {
        "native-audio-node": "^0.3.5"
      }
    },
    "node_modules/@native-audio-node/darwin-arm64": {
      "version": "0.3.1",
      "resolved": "https://registry.npmjs.org/@native-audio-node/darwin-arm64/-/darwin-arm64-0.3.1.tgz",
      "integrity": "sha512-LLgYOIljA6lPYoyjZE4nt7EHXUCp7Y+oxCjRAaDgGMnqvGqcppPw5qrSF3zWQBWA4x4ciIljyPN7hFdYLmqcpA==",
      "cpu": [
        "arm64"
      ],
      "license": "MIT",
      "optional": true,
      "os": [
        "darwin"
      ],
      "engines": {
        "node": ">=20"
      }
    },
    "node_modules/@native-audio-node/darwin-x64": {
      "version": "0.3.0",
      "resolved": "https://registry.npmjs.org/@native-audio-node/darwin-x64/-/darwin-x64-0.3.0.tgz",
      "integrity": "sha512-ygRwNH0aexRDdLGYzz4uJrfxqZSXKkKbFgKKJCb8VLN6dyB7VCTAO40+oZULc2eQtWkZhdil3ArQW+Y7CTnK7g==",
      "cpu": [
        "x64"
      ],
      "deprecated": "Missing binary, use 0.3.1+",
      "license": "MIT",
      "optional": true,
      "os": [
        "darwin"
      ],
      "engines": {
        "node": ">=20"
      }
    },
    "node_modules/@native-audio-node/win32-arm64": {
      "version": "0.3.0",
      "resolved": "https://registry.npmjs.org/@native-audio-node/win32-arm64/-/win32-arm64-0.3.0.tgz",
      "integrity": "sha512-4Oc1aeOkYkBaDCsmtW9t2a4muXB/WpnvU+xI2SJo8GSg5oOQ4mNMKLkcDAH+JMXx8KA/ROBNqsQsEyJjLIRvIA==",
      "cpu": [
        "arm64"
      ],
      "deprecated": "Missing binary, use 0.3.1+",
      "license": "MIT",
      "optional": true,
      "os": [
        "win32"
      ],
      "engines": {
        "node": ">=20"
      }
    },
    "node_modules/@native-audio-node/win32-x64": {
      "version": "0.3.3",
      "resolved": "https://registry.npmjs.org/@native-audio-node/win32-x64/-/win32-x64-0.3.3.tgz",
      "integrity": "sha512-ESJVq6kqBCCc1c2Q+6Owjbg5rHgCd2KRLfIHxL6noFbuabFl/vjBAP7RMhu3SOknxt1GtQlmenJ0u31qmnRDVQ==",
      "cpu": [
        "x64"
      ],
      "license": "MIT",
      "optional": true,
      "os": [
        "win32"
      ],
      "engines": {
        "node": ">=20"
      }
    },
    "node_modules/native-audio-node": {
      "version": "0.3.5",
      "resolved": "https://registry.npmjs.org/native-audio-node/-/native-audio-node-0.3.5.tgz",
      "integrity": "sha512-1ZeUwSkJ9HHLX2LdbFz3YCfzIajhgw6uVKv8ZgWz92xQ37izRYm1aQHSdGOgwwIhUC1th3COuRhW9Te+A6+rJA==",
      "cpu": [
        "x64",
        "arm64"
      ],
      "license": "MIT",
      "os": [
        "darwin",
        "win32"
      ],
      "engines": {
        "node": ">=20"
      },
      "optionalDependencies": {
        "@native-audio-node/darwin-arm64": "0.3.1",
        "@native-audio-node/darwin-x64": "0.3.0",
        "@native-audio-node/win32-arm64": "0.3.0",
        "@native-audio-node/win32-x64": "0.3.3"
      }
    }
  }
}
